
Microsoft Visual Studio Solution File, Format Version 12.00
# Visual Studio 15
Project("{FAE04EC0-301F-11D3-BF4B-00C04F79EFBC}") = "Assembly-CSharp", "Assembly-CSharp.csproj", "{08EBF0C8-D5AD-634D-8012-CAEAB1292BB9}"
EndProject
Project("{FAE04EC0-301F-11D3-BF4B-00C04F79EFBC}") = "Assembly-CSharp-Editor", "Assembly-CSharp-Editor.csproj", "{E6CFA9A0-A0A1-5A7E-8CB8-A810BC109B30}"
EndProject
Global
	GlobalSection(SolutionConfigurationPlatforms) = preSolution
		Debug|Any CPU = Debug|Any CPU
		Release|Any CPU = Release|Any CPU
	EndGlobalSection
	GlobalSection(ProjectConfigurationPlatforms) = postSolution
		{08EBF0C8-D5AD-634D-8012-CAEAB1292BB9}.Debug|Any CPU.ActiveCfg = Debug|Any CPU
		{08EBF0C8-D5AD-634D-8012-CAEAB1292BB9}.Debug|Any CPU.Build.0 = Debug|Any CPU
		{08EBF0C8-D5AD-634D-8012-CAEAB1292BB9}.Release|Any CPU.ActiveCfg = Release|Any CPU
		{08EBF0C8-D5AD-634D-8012-CAEAB1292BB9}.Release|Any CPU.Build.0 = Release|Any CPU
		{E6CFA9A0-A0A1-5A7E-8CB8-A810BC109B30}.Debug|Any CPU.ActiveCfg = Debug|Any CPU
		{E6CFA9A0-A0A1-5A7E-8CB8-A810BC109B30}.Debug|Any CPU.Build.0 = Debug|Any CPU
		{E6CFA9A0-A0A1-5A7E-8CB8-A810BC109B30}.Release|Any CPU.ActiveCfg = Release|Any CPU
		{E6CFA9A0-A0A1-5A7E-8CB8-A810BC109B30}.Release|Any CPU.Build.0 = Release|Any CPU
	EndGlobalSection
	GlobalSection(SolutionProperties) = preSolution
		HideSolutionNode = FALSE
	EndGlobalSection
EndGlobal
